{
  "version": 4,
  "terraform_version": "1.5.5",
  "serial": 20,
  "lineage": "e4130b2a-be34-3273-9cbf-ea0014d8c8c1",
  "outputs": {},
  "resources": [
    {
      "mode": "data",
      "type": "aws_caller_identity",
      "name": "current",
      "provider": "provider[\"registry.terraform.io/hashicorp/aws\"]",
      "instances": [
        {
          "schema_version": 0,
          "attributes": {
            "account_id": "195509999935",
            "arn": "arn:aws:iam::195509999935:user/terraform-executor",
            "id": "195509999935",
            "user_id": "AIDAS3BKN3E7VDU5DK4KG"
          },
          "sensitive_attributes": []
        }
      ]
    },
    {
      "mode": "data",
      "type": "aws_ecr_authorization_token",
      "name": "token",
      "provider": "provider[\"registry.terraform.io/hashicorp/aws\"]",
      "instances": [
        {
          "schema_version": 0,
          "attributes": {
            "authorization_token": "QVdTOmV5SndZWGxzYjJGa0lqb2ljRE5oUVZSb05uQlRkbGxOTjNWelpreFVSWGhIU3pCWFVteHljMHBpU0VZeGJXcG1XSEZQUkV0UmEwRmFkV1YwZGtKMVRXOHdVbWNyTlRWVFRYbENia281UlhKT05ubGtVWGwxY20xbFFtMTRLMjVYWW5GeVUyWmhabGxGVjNaT1NURkdNREE1UW1FeGNtMWFjMEoxYlZOS2VWWlFXVk0xUkVSQllqaFdZakV2TTJad1VqSXJkRk5QWXpkV2JGaDNNbll3ZVdkT1IwcFhjbkoyTVRoeWVYSndXVmh2VDJSNmVXRnlTVUZxZVM4MmVrVnRhMmd2VjFwbmJIRTJObWtyU25kVllsUkhSME5wUkV4VlFrMWxhekpRUzNKUGIxUmFSMmxRTHpKVVYza3hVRTlKY1dkaFNrTlFPRVprZWtKYVQxQXJRbUpVTVNzNE4xVkNhRGRvZFZnNGJ6TmllV0p5TlhSMFpteDBURmhYWlhJMVV6bDRSaXN3Y1VkQ1RHeHlWVFpITUdReGJWSktRalpGZFZWUlpHaHZZMXBMUzJFMGJ6TkhOMjVYT1hKUlNFaG1WM2R1Y0doTWNESXlPVFowWkc1d2FXbGhRM2MyWm01NlpVMUNkbXM1ZWtsT1VXcFpTVXc1YmpSbWNXeElWMWhDVGxkWWRucElXRUkzYTJ0WVpHTkxaa2xLTUVNdmRrdE9URVJPWTFkUGVHRnRMMGxNV0hkdlQzRkNUV2huWVRKU2QzUkdWV0pOUTB4RE0xZGFOUzlHVVZCSFVURjBhVTVtYjFKYVIxTnlSRXhLWVVkRVdYcGxVeTl3VkhCWFYxZHlja2t2YURBM2VpdHhRVzExTVVac1ptNUtUMDlsUlVoSFpEQXpOR3QyVGxWQ1NrZHJSREU1V25OYVFYTnZRbHB6VEdSTVYxVjJOV3B2TWpNeFIwNVRiRlZzV1daTmQzRlRUUzkwTlVJMFMwc3lTSE51VG1oR1RGWkxRbTVZZW1Fd05pdE1TM280UWpoVWJUaDFXVmd6Y2xwdVJreDBlbU5QZFRsWFIxWTVXbGRYY0ZSRlNuZzNOemxDVFdoTFJsRTRVQzlWVkdWd016VjFRbXhGYjJwYVZuSnZNbTEzY2poRWFrSjBhMmg2T1RkVVptdE9OWE5TZVVwSGVqZzRjbGxuV0hoM1pXdFdVRmRETTBwV2FEUlFUR0psVURKblMycE9RVFpGZEdsWWJHUktUbVZFV2xKS2JGTjRSa2RuV2xwQlYyVmlRVkZuUjFvNVJDOUVPWGNyYjBGVlFrTnhibTB4Tm1SWlJIbERRMk4wVmpGblRFZHFiRGhSUlRCV2JrdFlSSGR1VUdWUlVFeFFSekJSUjNkT01tZGpkVVZxYW5CNGQxUmlWelpHU2xGSFF6SlFTM2RGVjNKclNGRjFRMmt2UTFOamJUTnJZMEUwTmxCWGVGa3hia1JDZFdOV2VHd3ZZVkF5VnpoeWJtNHZlSGcxTmxSUlRGazVORkZ5U0dWME0wNVhORVV4VW13eU1saFpiWEZWZFRnNFUyc3dlVTB5YlN0b1IwWk1LM1pUYVhBelR6WXpiMjlpVEdjcmRYTkxXbTEyVVRsQ09UZFVMMGxLWmtKblpsbFJRMUF2TldwdkwwbDVaWHB6ZUdWbmJsUklNRTU0U3poU1JVTm9XVUY0UmxsMmRHaGhSVFpuZWtWRVFqYzVZa2hxYldkMFVtcHBaRzVaUjJRNFJXdFJTMjR4UVhndmNqSXZNMkozVTI5YWRqWlhVMWxyVFdWSWFrUk9VM0Z6WldJelRWWlNNSFE1V25WRWQwaEtiRFZxZW5CUFRucDFTRFJ5VTBsMkwyWlFOMmxpVm1WWE5pc3diazFIWjBFOVBTSXNJbVJoZEdGclpYa2lPaUpCVVVWQ1FVaG9kMjB3V1dGSlUwcGxVblJLYlRWdU1VYzJkWEZsWld0WWRXOVlXRkJsTlZWR1kyVTVVbkU0THpFMGQwRkJRVWcwZDJaQldVcExiMXBKYUhaalRrRlJZMGR2UnpoM1lsRkpRa0ZFUW05Q1oydHhhR3RwUnpsM01FSkNkMFYzU0dkWlNsbEpXa2xCVjFWRVFrRkZkVTFDUlVWRVJVRlZiVVZMWTBWR1V6WlVWbEEwY1hkSlFrVkpRVGRJVG5WTGVreHpkWFppWTFKRFVGZG9lWEZJVVVkdGFUUXlNMmxVVTNaVVVGTlNRelJCWTBaU1UyZ3JWMFk1Y1ZFcldYQm9RakJxWjJkeWJrODNOMlZHT0c5SFpIRkdNR2hsV1c0ek5HczBQU0lzSW5abGNuTnBiMjRpT2lJeUlpd2lkSGx3WlNJNklrUkJWRUZmUzBWWklpd2laWGh3YVhKaGRHbHZiaUk2TVRZNU5UZzNNVGMwTTMwPQ==",
            "expires_at": "2023-09-28T03:29:03Z",
            "id": "us-east-1",
            "password": "eyJwYXlsb2FkIjoicDNhQVRoNnBTdllNN3VzZkxURXhHSzBXUmxyc0piSEYxbWpmWHFPREtRa0FadWV0dkJ1TW8wUmcrNTVTTXlCbko5RXJONnlkUXl1cm1lQm14K25XYnFyU2ZhZllFV3ZOSTFGMDA5QmExcm1ac0J1bVNKeVZQWVM1RERBYjhWYjEvM2ZwUjIrdFNPYzdWbFh3MnYweWdOR0pXcnJ2MThyeXJwWVhvT2R6eWFySUFqeS82ekVta2gvV1pnbHE2NmkrSndVYlRHR0NpRExVQk1lazJQS3JPb1RaR2lQLzJUV3kxUE9JcWdhSkNQOEZkekJaT1ArQmJUMSs4N1VCaDdodVg4bzNieWJyNXR0Zmx0TFhXZXI1Uzl4RiswcUdCTGxyVTZHMGQxbVJKQjZFdVVRZGhvY1pLS2E0bzNHN25XOXJRSEhmV3ducGhMcDIyOTZ0ZG5waWlhQ3c2Zm56ZU1Cdms5eklOUWpZSUw5bjRmcWxIV1hCTldYdnpIWEI3a2tYZGNLZklKMEMvdktOTEROY1dPeGFtL0lMWHdvT3FCTWhnYTJSd3RGVWJNQ0xDM1daNS9GUVBHUTF0aU5mb1JaR1NyRExKYUdEWXplUy9wVHBXV1dyckkvaDA3eitxQW11MUZsZm5KT09lRUhHZDAzNGt2TlVCSkdrRDE5WnNaQXNvQlpzTGRMV1V2NWpvMjMxR05TbFVsWWZNd3FTTS90NUI0S0sySHNuTmhGTFZLQm5YemEwNitMS3o4QjhUbTh1WVgzclpuRkx0emNPdTlXR1Y5WldXcFRFSng3NzlCTWhLRlE4UC9VVGVwMzV1QmxFb2paVnJvMm13cjhEakJ0a2h6OTdUZmtONXNSeUpHejg4cllnWHh3ZWtWUFdDM0pWaDRQTGJlUDJnS2pOQTZFdGlYbGRKTmVEWlJKbFN4RkdnWlpBV2ViQVFnR1o5RC9EOXcrb0FVQkNxbm0xNmRZRHlDQ2N0VjFnTEdqbDhRRTBWbktYRHduUGVRUExQRzBRR3dOMmdjdUVqanB4d1RiVzZGSlFHQzJQS3dFV3JrSFF1Q2kvQ1NjbTNrY0E0NlBXeFkxbkRCdWNWeGwvYVAyVzhybm4veHg1NlRRTFk5NFFySGV0M05XNEUxUmwyMlhZbXFVdTg4U2sweU0ybStoR0ZMK3ZTaXAzTzYzb29iTGcrdXNLWm12UTlCOTdUL0lKZkJnZllRQ1AvNWpvL0l5ZXpzeGVnblRIME54SzhSRUNoWUF4Rll2dGhhRTZnekVEQjc5YkhqbWd0UmppZG5ZR2Q4RWtRS24xQXgvcjIvM2J3U29adjZXU1lrTWVIakROU3FzZWIzTVZSMHQ5WnVEd0hKbDVqenBPTnp1SDRyU0l2L2ZQN2liVmVXNiswbk1HZ0E9PSIsImRhdGFrZXkiOiJBUUVCQUhod20wWWFJU0plUnRKbTVuMUc2dXFlZWtYdW9YWFBlNVVGY2U5UnE4LzE0d0FBQUg0d2ZBWUpLb1pJaHZjTkFRY0dvRzh3YlFJQkFEQm9CZ2txaGtpRzl3MEJCd0V3SGdZSllJWklBV1VEQkFFdU1CRUVERUFVbUVLY0VGUzZUVlA0cXdJQkVJQTdITnVLekxzdXZiY1JDUFdoeXFIUUdtaTQyM2lUU3ZUUFNSQzRBY0ZSU2grV0Y5cVErWXBoQjBqZ2dybk83N2VGOG9HZHFGMGhlWW4zNGs0PSIsInZlcnNpb24iOiIyIiwidHlwZSI6IkRBVEFfS0VZIiwiZXhwaXJhdGlvbiI6MTY5NTg3MTc0M30=",
            "proxy_endpoint": "https://195509999935.dkr.ecr.us-east-1.amazonaws.com",
            "registry_id": null,
            "user_name": "AWS"
          },
          "sensitive_attributes": []
        }
      ]
    },
    {
      "mode": "data",
      "type": "aws_iam_policy_document",
      "name": "lambda_assume_role",
      "provider": "provider[\"registry.terraform.io/hashicorp/aws\"]",
      "instances": [
        {
          "schema_version": 0,
          "attributes": {
            "id": "2690255455",
            "json": "{\n  \"Version\": \"2012-10-17\",\n  \"Statement\": [\n    {\n      \"Effect\": \"Allow\",\n      \"Action\": \"sts:AssumeRole\",\n      \"Principal\": {\n        \"Service\": \"lambda.amazonaws.com\"\n      }\n    }\n  ]\n}",
            "override_policy_documents": null,
            "policy_id": null,
            "source_policy_documents": null,
            "statement": [
              {
                "actions": [
                  "sts:AssumeRole"
                ],
                "condition": [],
                "effect": "Allow",
                "not_actions": [],
                "not_principals": [],
                "not_resources": [],
                "principals": [
                  {
                    "identifiers": [
                      "lambda.amazonaws.com"
                    ],
                    "type": "Service"
                  }
                ],
                "resources": [],
                "sid": ""
              }
            ],
            "version": "2012-10-17"
          },
          "sensitive_attributes": []
        }
      ]
    },
    {
      "mode": "data",
      "type": "aws_iam_policy_document",
      "name": "lambda_cloudwatch",
      "provider": "provider[\"registry.terraform.io/hashicorp/aws\"]",
      "instances": [
        {
          "schema_version": 0,
          "attributes": {
            "id": "16712114",
            "json": "{\n  \"Version\": \"2012-10-17\",\n  \"Statement\": [\n    {\n      \"Effect\": \"Allow\",\n      \"Action\": [\n        \"logs:PutLogEvents\",\n        \"logs:CreateLogStream\",\n        \"logs:CreateLogGroup\"\n      ],\n      \"Resource\": \"arn:aws:logs:*:*:*\"\n    }\n  ]\n}",
            "override_policy_documents": null,
            "policy_id": null,
            "source_policy_documents": null,
            "statement": [
              {
                "actions": [
                  "logs:CreateLogGroup",
                  "logs:CreateLogStream",
                  "logs:PutLogEvents"
                ],
                "condition": [],
                "effect": "Allow",
                "not_actions": [],
                "not_principals": [],
                "not_resources": [],
                "principals": [],
                "resources": [
                  "arn:aws:logs:*:*:*"
                ],
                "sid": ""
              }
            ],
            "version": "2012-10-17"
          },
          "sensitive_attributes": []
        }
      ]
    },
    {
      "mode": "data",
      "type": "aws_region",
      "name": "current",
      "provider": "provider[\"registry.terraform.io/hashicorp/aws\"]",
      "instances": [
        {
          "schema_version": 0,
          "attributes": {
            "description": "US East (N. Virginia)",
            "endpoint": "ec2.us-east-1.amazonaws.com",
            "id": "us-east-1",
            "name": "us-east-1"
          },
          "sensitive_attributes": []
        }
      ]
    },
    {
      "mode": "managed",
      "type": "aws_api_gateway_deployment",
      "name": "main",
      "provider": "provider[\"registry.terraform.io/hashicorp/aws\"]",
      "instances": []
    },
    {
      "mode": "managed",
      "type": "aws_api_gateway_integration",
      "name": "klaviyo_handler",
      "provider": "provider[\"registry.terraform.io/hashicorp/aws\"]",
      "instances": []
    },
    {
      "mode": "managed",
      "type": "aws_api_gateway_method",
      "name": "customer",
      "provider": "provider[\"registry.terraform.io/hashicorp/aws\"]",
      "instances": [
        {
          "schema_version": 0,
          "attributes": {
            "api_key_required": false,
            "authorization": "NONE",
            "authorization_scopes": [],
            "authorizer_id": "",
            "http_method": "POST",
            "id": "agm-qcr23ubr3h-4ydd79-POST",
            "operation_name": "",
            "request_models": {},
            "request_parameters": {},
            "request_validator_id": "",
            "resource_id": "4ydd79",
            "rest_api_id": "qcr23ubr3h"
          },
          "sensitive_attributes": [],
          "private": "bnVsbA==",
          "dependencies": [
            "aws_api_gateway_resource.customer",
            "aws_api_gateway_rest_api.api"
          ]
        }
      ]
    },
    {
      "mode": "managed",
      "type": "aws_api_gateway_resource",
      "name": "customer",
      "provider": "provider[\"registry.terraform.io/hashicorp/aws\"]",
      "instances": [
        {
          "schema_version": 0,
          "attributes": {
            "id": "4ydd79",
            "parent_id": "wkhn5fdchh",
            "path": "/customer",
            "path_part": "customer",
            "rest_api_id": "qcr23ubr3h"
          },
          "sensitive_attributes": [],
          "private": "bnVsbA==",
          "dependencies": [
            "aws_api_gateway_rest_api.api"
          ]
        }
      ]
    },
    {
      "mode": "managed",
      "type": "aws_api_gateway_rest_api",
      "name": "api",
      "provider": "provider[\"registry.terraform.io/hashicorp/aws\"]",
      "instances": [
        {
          "schema_version": 0,
          "attributes": {
            "api_key_source": "HEADER",
            "arn": "arn:aws:apigateway:us-east-1::/restapis/qcr23ubr3h",
            "binary_media_types": [],
            "body": null,
            "created_date": "2023-08-21T08:08:44Z",
            "description": "APIGateway for lambda executions",
            "disable_execute_api_endpoint": false,
            "endpoint_configuration": [
              {
                "types": [
                  "EDGE"
                ],
                "vpc_endpoint_ids": []
              }
            ],
            "execution_arn": "arn:aws:execute-api:us-east-1:195509999935:qcr23ubr3h",
            "fail_on_warnings": null,
            "id": "qcr23ubr3h",
            "minimum_compression_size": "",
            "name": "APIGatewayServerless",
            "parameters": null,
            "policy": "",
            "put_rest_api_mode": "overwrite",
            "root_resource_id": "wkhn5fdchh",
            "tags": {},
            "tags_all": {}
          },
          "sensitive_attributes": [],
          "private": "eyJzY2hlbWFfdmVyc2lvbiI6IjAifQ=="
        }
      ]
    },
    {
      "mode": "managed",
      "type": "aws_cloudwatch_log_group",
      "name": "klaviyo_handler_lambda_log_group",
      "provider": "provider[\"registry.terraform.io/hashicorp/aws\"]",
      "instances": [
        {
          "schema_version": 0,
          "attributes": {
            "arn": "arn:aws:logs:us-east-1:195509999935:log-group:/aws/lambda/klaviyo-handler",
            "id": "/aws/lambda/klaviyo-handler",
            "kms_key_id": "",
            "name": "/aws/lambda/klaviyo-handler",
            "name_prefix": "",
            "retention_in_days": 7,
            "skip_destroy": false,
            "tags": {},
            "tags_all": {}
          },
          "sensitive_attributes": [],
          "private": "bnVsbA=="
        }
      ]
    },
    {
      "mode": "managed",
      "type": "aws_ecr_lifecycle_policy",
      "name": "klaviyo_handler_policy",
      "provider": "provider[\"registry.terraform.io/hashicorp/aws\"]",
      "instances": [
        {
          "schema_version": 0,
          "attributes": {
            "id": "klaviyo_handler",
            "policy": "{\"rules\":[{\"action\":{\"type\":\"expire\"},\"description\":\"Expire images older than 14 days\",\"rulePriority\":1,\"selection\":{\"countNumber\":14,\"countType\":\"sinceImagePushed\",\"countUnit\":\"days\",\"tagStatus\":\"untagged\"}}]}",
            "registry_id": "195509999935",
            "repository": "klaviyo_handler"
          },
          "sensitive_attributes": [],
          "private": "bnVsbA==",
          "dependencies": [
            "aws_ecr_repository.klaviyo_handler",
            "data.aws_ecr_authorization_token.token"
          ]
        }
      ]
    },
    {
      "mode": "managed",
      "type": "aws_ecr_repository",
      "name": "klaviyo_handler",
      "provider": "provider[\"registry.terraform.io/hashicorp/aws\"]",
      "instances": [
        {
          "schema_version": 0,
          "attributes": {
            "arn": "arn:aws:ecr:us-east-1:195509999935:repository/klaviyo_handler",
            "encryption_configuration": [
              {
                "encryption_type": "AES256",
                "kms_key": ""
              }
            ],
            "force_delete": null,
            "id": "klaviyo_handler",
            "image_scanning_configuration": [
              {
                "scan_on_push": true
              }
            ],
            "image_tag_mutability": "MUTABLE",
            "name": "klaviyo_handler",
            "registry_id": "195509999935",
            "repository_url": "195509999935.dkr.ecr.us-east-1.amazonaws.com/klaviyo_handler",
            "tags": {},
            "tags_all": {},
            "timeouts": null
          },
          "sensitive_attributes": [],
          "private": "eyJlMmJmYjczMC1lY2FhLTExZTYtOGY4OC0zNDM2M2JjN2M0YzAiOnsiZGVsZXRlIjoxMjAwMDAwMDAwMDAwfX0=",
          "dependencies": [
            "data.aws_ecr_authorization_token.token"
          ]
        }
      ]
    },
    {
      "mode": "managed",
      "type": "aws_iam_policy",
      "name": "lambda_cloudwatch",
      "provider": "provider[\"registry.terraform.io/hashicorp/aws\"]",
      "instances": [
        {
          "schema_version": 0,
          "attributes": {
            "arn": "arn:aws:iam::195509999935:policy/klaviyo-handler-lambda-cw-permissions",
            "description": "Contains CW put permission for klaviyo-handler lambda",
            "id": "arn:aws:iam::195509999935:policy/klaviyo-handler-lambda-cw-permissions",
            "name": "klaviyo-handler-lambda-cw-permissions",
            "name_prefix": "",
            "path": "/",
            "policy": "{\"Statement\":[{\"Action\":[\"logs:PutLogEvents\",\"logs:CreateLogStream\",\"logs:CreateLogGroup\"],\"Effect\":\"Allow\",\"Resource\":\"arn:aws:logs:*:*:*\"}],\"Version\":\"2012-10-17\"}",
            "policy_id": "ANPAS3BKN3E7YSOZVMPGX",
            "tags": {},
            "tags_all": {}
          },
          "sensitive_attributes": [],
          "private": "bnVsbA==",
          "dependencies": [
            "data.aws_iam_policy_document.lambda_cloudwatch"
          ]
        }
      ]
    },
    {
      "mode": "managed",
      "type": "aws_iam_role",
      "name": "klaviyo_handler_lambda_role",
      "provider": "provider[\"registry.terraform.io/hashicorp/aws\"]",
      "instances": [
        {
          "schema_version": 0,
          "attributes": {
            "arn": "arn:aws:iam::195509999935:role/klaviyo-handler-lambda-role",
            "assume_role_policy": "{\"Statement\":[{\"Action\":\"sts:AssumeRole\",\"Effect\":\"Allow\",\"Principal\":{\"Service\":\"lambda.amazonaws.com\"}}],\"Version\":\"2012-10-17\"}",
            "create_date": "2023-09-27T15:03:59Z",
            "description": "",
            "force_detach_policies": false,
            "id": "klaviyo-handler-lambda-role",
            "inline_policy": [],
            "managed_policy_arns": [
              "arn:aws:iam::195509999935:policy/klaviyo-handler-lambda-cw-permissions"
            ],
            "max_session_duration": 3600,
            "name": "klaviyo-handler-lambda-role",
            "name_prefix": "",
            "path": "/",
            "permissions_boundary": null,
            "tags": {},
            "tags_all": {},
            "unique_id": "AROAS3BKN3E746CQCMF52"
          },
          "sensitive_attributes": [],
          "private": "bnVsbA==",
          "dependencies": [
            "data.aws_iam_policy_document.lambda_assume_role"
          ]
        }
      ]
    },
    {
      "mode": "managed",
      "type": "aws_iam_role_policy_attachment",
      "name": "lambda_cloudwatch",
      "provider": "provider[\"registry.terraform.io/hashicorp/aws\"]",
      "instances": [
        {
          "schema_version": 0,
          "attributes": {
            "id": "klaviyo-handler-lambda-role-20230927151935756100000001",
            "policy_arn": "arn:aws:iam::195509999935:policy/klaviyo-handler-lambda-cw-permissions",
            "role": "klaviyo-handler-lambda-role"
          },
          "sensitive_attributes": [],
          "private": "bnVsbA==",
          "dependencies": [
            "aws_iam_policy.lambda_cloudwatch",
            "aws_iam_role.klaviyo_handler_lambda_role",
            "data.aws_iam_policy_document.lambda_assume_role",
            "data.aws_iam_policy_document.lambda_cloudwatch"
          ]
        }
      ]
    },
    {
      "mode": "managed",
      "type": "aws_lambda_permission",
      "name": "klaviyo_handler_apigw",
      "provider": "provider[\"registry.terraform.io/hashicorp/aws\"]",
      "instances": []
    }
  ],
  "check_results": null
}
