{
  "version": 4,
  "terraform_version": "1.5.5",
  "serial": 25,
  "lineage": "e4130b2a-be34-3273-9cbf-ea0014d8c8c1",
  "outputs": {},
  "resources": [
    {
      "mode": "data",
      "type": "aws_caller_identity",
      "name": "current",
      "provider": "provider[\"registry.terraform.io/hashicorp/aws\"]",
      "instances": [
        {
          "schema_version": 0,
          "attributes": {
            "account_id": "195509999935",
            "arn": "arn:aws:iam::195509999935:user/terraform-executor",
            "id": "195509999935",
            "user_id": "AIDAS3BKN3E7VDU5DK4KG"
          },
          "sensitive_attributes": []
        }
      ]
    },
    {
      "mode": "data",
      "type": "aws_ecr_authorization_token",
      "name": "token",
      "provider": "provider[\"registry.terraform.io/hashicorp/aws\"]",
      "instances": [
        {
          "schema_version": 0,
          "attributes": {
            "authorization_token": "QVdTOmV5SndZWGxzYjJGa0lqb2llVnB0WVRWQ2VsQnNTRUpIVEhaMGVIQkJTbE00UzFacFFqWnFkalpxWmpWRGVrbHJhakExVTBRMlVUWXlPR3B3WnpSSVIwNXBkaTlhTlhkWlFVbFJhbUV6VTJaSlRXdElWVEZUZFdnMUwwbDRXVXhrUjJ0VFowbHJkRzlrYkM5bWFpdHpNV3M1Y0ZKSFNqYzRWME5CVUVJeFV6VkxhVWgzUXpGWlZVOWFaSEpzTkRjNGFVbG1ibHBVVWpSU2R6bDNkbXhSVjI4MFJraExUVFJvUmxrMVF6VllNRzlOYTNsVVdIcFdVR2hCVWsxSFNXNTZVRlF3UTNWVFdrcHVVRlJMVDBoVk5VSktTbTB5WVdGVmNVaE5PVUp5SzFVMVlUWXlhWEkwY25SSE5HcEphREZYVjNwMEwydDZiVGxxWjFscFNYRnRRa04yTmpKWFJFdEZSV1pUUzNoTGQyOWFUa3RpWVZaM1ZrVnNSMGhQZUhWMldHYzFkREYxVUVORU4yaEhTVXRQT0RZM2RIZHFia1kxZG5FM1JHSXlXblV2VUZZeFExbFVaR1JCWVdSaWN6VmtXbmt3VTNGRFRWRnFhMUZMVkdOVE1WWXhSUzg0Y25wdVowTlZTRVV4Ums5dWRtNU1hVUZxUkZSa2FFOHdObWxqYTJ3eloycElkazV4Y1dWdlpGWlBOalpIU2xWQ1p6Z3daMHR6VjNRdmNtOWFOV1lyUkdWWGNrMUlWV3czTjI4MlkxQnNZbEpFZDNsSlpVaG5ORFV5UldZdldUQkphM2x5WkZnMmFtdEJhMUpEVGxWaFVuZ3lPV01yVkdGMmIyOXpMMlZpWmpCYVpYZEJNa2x6TTJwVFJ6QmpNakIwVGtOa2JtNXlSMnB5Um1KS1pIZEZPUzlHY1M5RVZGZzJiRmx4Y1VSaVNISkVVWEkxVjJOWVJHdENOa3A1YjFWQ1ZVWm5OV1ZyWlVSa2N6TXJVbTlQUlhKNk1rWTBlbVZXVEZwa2VuQklWMUV2Wkd4S1ptNTBkM2xHUnpad1JGVTNORzQyV25FclkwNHZNazVWWmtaT2RXUlpUV3BETTAxeVVHOUZjakJJYVhWYWJrRlVOVGMwVnpCS1FVY3dPR1pRYUVWeWMxSlZUR3hGVDJGTkwyOXNMMjlqTWxSbVEzZFRRekpoWjBWcGR6RTNOSEZwVkhkS1QyeDJTQ3RzTVhGNVNYaGhOeTlzTldSS1Z6QldWQzlMVmtSelNFUndOblkwV2xJM1NqVjBNMWQ1UldGSWQyVkplQzl0TkVkVlVYRkRlRGREYXpkME9GaFpNRkZ6V2pBNGRXOHZXR0l4WlZOdFFWcEtPRmRzU1dwVk9URTVZbVJRVVdsb2ExaDBjbEYxZW5WT1FXZEpaak40VDBVMmIyaGhkalJzVlhONlkxaFVaa3BEUTFsMlNEbHVha2RvVmxoQmJtSXdSM3B0T0hBM1kwbEdOVEZxTVdnNWFqTktjRXhWZFUxTGFFMW9aMHQ2UTJ4QmQwNU9TMEZ3UlZWTGMybEVZa1ppU1d4cFNXRnpkVEI2UmpCNVkzcHpjV2syVmxkdU1YQTBVa05DUzFBM1NUUTRSMWswU21oMUsyNVBLM05RUkd0MVJWaDBXSEJJTkhSbWVXdEZOMWxOVFc5V1VXaDRaR2h2Y0RsUk9VTk9ZMU5WUVVNeFNqRmhTa1JPTjNOUVRGUXlRbEF6VWpCU1JtNHhXRVF3U0VGMFkxcExiMDFtTmtsS2NtNU9abUo0TDB0cGJ5dHJlbE15Y1hkRGJtVnpTblJZWTBScWQyWnBiREl3YUZoU1lYQkhhVTV4T1ZSRGRIbDZTUzgwTWs1dU1ERkdhRU51TDJ4Q1ZsTTNTa3hQY21jOVBTSXNJbVJoZEdGclpYa2lPaUpCVVVWQ1FVaG9kMjB3V1dGSlUwcGxVblJLYlRWdU1VYzJkWEZsWld0WWRXOVlXRkJsTlZWR1kyVTVVbkU0THpFMGQwRkJRVWcwZDJaQldVcExiMXBKYUhaalRrRlJZMGR2UnpoM1lsRkpRa0ZFUW05Q1oydHhhR3RwUnpsM01FSkNkMFYzU0dkWlNsbEpXa2xCVjFWRVFrRkZkVTFDUlVWRVIxcHlTV1ozVUZjdlFrSlNRM0ZRUm5kSlFrVkpRVGR0ZWpWWGRqbEZRVlJMYkdkNVRXWkRSbUpWUldWcFRrUnBaSGh0YjI5S1F5dHNhRE42TTI1Tk1EbElhMkZJYkRBNFEwSm5SSEJtYldGMVpEVlROMVpSYjBkRldFOW5PRFpLT1RGWlYzUm5QU0lzSW5abGNuTnBiMjRpT2lJeUlpd2lkSGx3WlNJNklrUkJWRUZmUzBWWklpd2laWGh3YVhKaGRHbHZiaUk2TVRZNU5UZzNNVGc1Tm4wPQ==",
            "expires_at": "2023-09-28T03:31:36Z",
            "id": "us-east-1",
            "password": "eyJwYXlsb2FkIjoieVptYTVCelBsSEJHTHZ0eHBBSlM4S1ZpQjZqdjZqZjVDeklrajA1U0Q2UTYyOGpwZzRIR05pdi9aNXdZQUlRamEzU2ZJTWtIVTFTdWg1L0l4WUxkR2tTZ0lrdG9kbC9maitzMWs5cFJHSjc4V0NBUEIxUzVLaUh3QzFZVU9aZHJsNDc4aUlmblpUUjRSdzl3dmxRV280RkhLTTRoRlk1QzVYMG9Na3lUWHpWUGhBUk1HSW56UFQwQ3VTWkpuUFRLT0hVNUJKSm0yYWFVcUhNOUJyK1U1YTYyaXI0cnRHNGpJaDFXV3p0L2t6bTlqZ1lpSXFtQkN2NjJXREtFRWZTS3hLd29aTktiYVZ3VkVsR0hPeHV2WGc1dDF1UENEN2hHSUtPODY3dHdqbkY1dnE3RGIyWnUvUFYxQ1lUZGRBYWRiczVkWnkwU3FDTVFqa1FLVGNTMVYxRS84cnpuZ0NVSEUxRk9udm5MaUFqRFRkaE8wNmlja2wzZ2pIdk5xcWVvZFZPNjZHSlVCZzgwZ0tzV3Qvcm9aNWYrRGVXck1IVWw3N282Y1BsYlJEd3lJZUhnNDUyRWYvWTBJa3lyZFg2amtBa1JDTlVhUngyOWMrVGF2b29zL2ViZjBaZXdBMklzM2pTRzBjMjB0TkNkbm5yR2pyRmJKZHdFOS9GcS9EVFg2bFlxcURiSHJEUXI1V2NYRGtCNkp5b1VCVUZnNWVrZURkczMrUm9PRXJ6MkY0emVWTFpkenBIV1EvZGxKZm50d3lGRzZwRFU3NG42WnErY04vMk5VZkZOdWRZTWpDM01yUG9FcjBIaXVabkFUNTc0VzBKQUcwOGZQaEVyc1JVTGxFT2FNL29sL29jMlRmQ3dTQzJhZ0VpdzE3NHFpVHdKT2x2SCtsMXF5SXhhNy9sNWRKVzBWVC9LVkRzSERwNnY0WlI3SjV0M1d5RWFId2VJeC9tNEdVUXFDeDdDazd0OFhZMFFzWjA4dW8vWGIxZVNtQVpKOFdsSWpVOTE5YmRQUWloa1h0clF1enVOQWdJZjN4T0U2b2hhdjRsVXN6Y1hUZkpDQ1l2SDluakdoVlhBbmIwR3ptOHA3Y0lGNTFqMWg5ajNKcExVdU1LaE1oZ0t6Q2xBd05OS0FwRVVLc2lEYkZiSWxpSWFzdTB6RjB5Y3pzcWk2VlduMXA0UkNCS1A3STQ4R1k0Smh1K25PK3NQRGt1RVh0WHBINHRmeWtFN1lNTW9WUWh4ZGhvcDlROUNOY1NVQUMxSjFhSkRON3NQTFQyQlAzUjBSRm4xWEQwSEF0Y1pLb01mNklKcm5OZmJ4L0tpbytrelMycXdDbmVzSnRYY0Rqd2ZpbDIwaFhSYXBHaU5xOVRDdHl6SS80Mk5uMDFGaENuL2xCVlM3SkxPcmc9PSIsImRhdGFrZXkiOiJBUUVCQUhod20wWWFJU0plUnRKbTVuMUc2dXFlZWtYdW9YWFBlNVVGY2U5UnE4LzE0d0FBQUg0d2ZBWUpLb1pJaHZjTkFRY0dvRzh3YlFJQkFEQm9CZ2txaGtpRzl3MEJCd0V3SGdZSllJWklBV1VEQkFFdU1CRUVER1pySWZ3UFcvQkJSQ3FQRndJQkVJQTdtejVXdjlFQVRLbGd5TWZDRmJVRWVpTkRpZHhtb29KQytsaDN6M25NMDlIa2FIbDA4Q0JnRHBmbWF1ZDVTN1ZRb0dFWE9nODZKOTFZV3RnPSIsInZlcnNpb24iOiIyIiwidHlwZSI6IkRBVEFfS0VZIiwiZXhwaXJhdGlvbiI6MTY5NTg3MTg5Nn0=",
            "proxy_endpoint": "https://195509999935.dkr.ecr.us-east-1.amazonaws.com",
            "registry_id": null,
            "user_name": "AWS"
          },
          "sensitive_attributes": []
        }
      ]
    },
    {
      "mode": "data",
      "type": "aws_iam_policy_document",
      "name": "lambda_assume_role",
      "provider": "provider[\"registry.terraform.io/hashicorp/aws\"]",
      "instances": [
        {
          "schema_version": 0,
          "attributes": {
            "id": "2690255455",
            "json": "{\n  \"Version\": \"2012-10-17\",\n  \"Statement\": [\n    {\n      \"Effect\": \"Allow\",\n      \"Action\": \"sts:AssumeRole\",\n      \"Principal\": {\n        \"Service\": \"lambda.amazonaws.com\"\n      }\n    }\n  ]\n}",
            "override_policy_documents": null,
            "policy_id": null,
            "source_policy_documents": null,
            "statement": [
              {
                "actions": [
                  "sts:AssumeRole"
                ],
                "condition": [],
                "effect": "Allow",
                "not_actions": [],
                "not_principals": [],
                "not_resources": [],
                "principals": [
                  {
                    "identifiers": [
                      "lambda.amazonaws.com"
                    ],
                    "type": "Service"
                  }
                ],
                "resources": [],
                "sid": ""
              }
            ],
            "version": "2012-10-17"
          },
          "sensitive_attributes": []
        }
      ]
    },
    {
      "mode": "data",
      "type": "aws_iam_policy_document",
      "name": "lambda_cloudwatch",
      "provider": "provider[\"registry.terraform.io/hashicorp/aws\"]",
      "instances": [
        {
          "schema_version": 0,
          "attributes": {
            "id": "16712114",
            "json": "{\n  \"Version\": \"2012-10-17\",\n  \"Statement\": [\n    {\n      \"Effect\": \"Allow\",\n      \"Action\": [\n        \"logs:PutLogEvents\",\n        \"logs:CreateLogStream\",\n        \"logs:CreateLogGroup\"\n      ],\n      \"Resource\": \"arn:aws:logs:*:*:*\"\n    }\n  ]\n}",
            "override_policy_documents": null,
            "policy_id": null,
            "source_policy_documents": null,
            "statement": [
              {
                "actions": [
                  "logs:CreateLogGroup",
                  "logs:CreateLogStream",
                  "logs:PutLogEvents"
                ],
                "condition": [],
                "effect": "Allow",
                "not_actions": [],
                "not_principals": [],
                "not_resources": [],
                "principals": [],
                "resources": [
                  "arn:aws:logs:*:*:*"
                ],
                "sid": ""
              }
            ],
            "version": "2012-10-17"
          },
          "sensitive_attributes": []
        }
      ]
    },
    {
      "mode": "data",
      "type": "aws_region",
      "name": "current",
      "provider": "provider[\"registry.terraform.io/hashicorp/aws\"]",
      "instances": [
        {
          "schema_version": 0,
          "attributes": {
            "description": "US East (N. Virginia)",
            "endpoint": "ec2.us-east-1.amazonaws.com",
            "id": "us-east-1",
            "name": "us-east-1"
          },
          "sensitive_attributes": []
        }
      ]
    },
    {
      "mode": "managed",
      "type": "aws_api_gateway_deployment",
      "name": "main",
      "provider": "provider[\"registry.terraform.io/hashicorp/aws\"]",
      "instances": [
        {
          "schema_version": 0,
          "attributes": {
            "created_date": "2023-09-27T15:32:14Z",
            "description": "",
            "execution_arn": "arn:aws:execute-api:us-east-1:195509999935:qcr23ubr3h/main",
            "id": "xe6maq",
            "invoke_url": "https://qcr23ubr3h.execute-api.us-east-1.amazonaws.com/main",
            "rest_api_id": "qcr23ubr3h",
            "stage_description": null,
            "stage_name": "main",
            "triggers": null,
            "variables": null
          },
          "sensitive_attributes": [],
          "private": "bnVsbA==",
          "dependencies": [
            "aws_api_gateway_integration.klaviyo_handler",
            "aws_api_gateway_method.customer",
            "aws_api_gateway_rest_api.api",
            "aws_ecr_repository.klaviyo_handler",
            "aws_iam_role.klaviyo_handler_lambda_role",
            "aws_lambda_function.klaviyo_handler",
            "data.aws_caller_identity.current",
            "data.aws_region.current"
          ]
        }
      ]
    },
    {
      "mode": "managed",
      "type": "aws_api_gateway_integration",
      "name": "klaviyo_handler",
      "provider": "provider[\"registry.terraform.io/hashicorp/aws\"]",
      "instances": [
        {
          "schema_version": 0,
          "attributes": {
            "cache_key_parameters": null,
            "cache_namespace": "4ydd79",
            "connection_id": "",
            "connection_type": "INTERNET",
            "content_handling": "",
            "credentials": "",
            "http_method": "POST",
            "id": "agi-qcr23ubr3h-4ydd79-POST",
            "integration_http_method": "POST",
            "passthrough_behavior": "WHEN_NO_MATCH",
            "request_parameters": null,
            "request_templates": null,
            "resource_id": "4ydd79",
            "rest_api_id": "qcr23ubr3h",
            "timeout_milliseconds": 29000,
            "tls_config": [],
            "type": "AWS_PROXY",
            "uri": "arn:aws:apigateway:us-east-1:lambda:path/2015-03-31/functions/arn:aws:lambda:us-east-1:195509999935:function:klaviyo-handler/invocations"
          },
          "sensitive_attributes": [],
          "private": "bnVsbA==",
          "dependencies": [
            "aws_api_gateway_method.customer",
            "aws_api_gateway_rest_api.api",
            "aws_ecr_repository.klaviyo_handler",
            "aws_iam_role.klaviyo_handler_lambda_role",
            "aws_lambda_function.klaviyo_handler",
            "data.aws_caller_identity.current",
            "data.aws_region.current"
          ]
        }
      ]
    },
    {
      "mode": "managed",
      "type": "aws_api_gateway_method",
      "name": "customer",
      "provider": "provider[\"registry.terraform.io/hashicorp/aws\"]",
      "instances": [
        {
          "schema_version": 0,
          "attributes": {
            "api_key_required": false,
            "authorization": "NONE",
            "authorization_scopes": [],
            "authorizer_id": "",
            "http_method": "POST",
            "id": "agm-qcr23ubr3h-4ydd79-POST",
            "operation_name": "",
            "request_models": {},
            "request_parameters": {},
            "request_validator_id": "",
            "resource_id": "4ydd79",
            "rest_api_id": "qcr23ubr3h"
          },
          "sensitive_attributes": [],
          "private": "bnVsbA==",
          "dependencies": [
            "aws_api_gateway_resource.customer",
            "aws_api_gateway_rest_api.api"
          ]
        }
      ]
    },
    {
      "mode": "managed",
      "type": "aws_api_gateway_resource",
      "name": "customer",
      "provider": "provider[\"registry.terraform.io/hashicorp/aws\"]",
      "instances": [
        {
          "schema_version": 0,
          "attributes": {
            "id": "4ydd79",
            "parent_id": "wkhn5fdchh",
            "path": "/customer",
            "path_part": "customer",
            "rest_api_id": "qcr23ubr3h"
          },
          "sensitive_attributes": [],
          "private": "bnVsbA==",
          "dependencies": [
            "aws_api_gateway_rest_api.api"
          ]
        }
      ]
    },
    {
      "mode": "managed",
      "type": "aws_api_gateway_rest_api",
      "name": "api",
      "provider": "provider[\"registry.terraform.io/hashicorp/aws\"]",
      "instances": [
        {
          "schema_version": 0,
          "attributes": {
            "api_key_source": "HEADER",
            "arn": "arn:aws:apigateway:us-east-1::/restapis/qcr23ubr3h",
            "binary_media_types": [],
            "body": null,
            "created_date": "2023-08-21T08:08:44Z",
            "description": "APIGateway for lambda executions",
            "disable_execute_api_endpoint": false,
            "endpoint_configuration": [
              {
                "types": [
                  "EDGE"
                ],
                "vpc_endpoint_ids": []
              }
            ],
            "execution_arn": "arn:aws:execute-api:us-east-1:195509999935:qcr23ubr3h",
            "fail_on_warnings": null,
            "id": "qcr23ubr3h",
            "minimum_compression_size": "",
            "name": "APIGatewayServerless",
            "parameters": null,
            "policy": "",
            "put_rest_api_mode": "overwrite",
            "root_resource_id": "wkhn5fdchh",
            "tags": {},
            "tags_all": {}
          },
          "sensitive_attributes": [],
          "private": "eyJzY2hlbWFfdmVyc2lvbiI6IjAifQ=="
        }
      ]
    },
    {
      "mode": "managed",
      "type": "aws_cloudwatch_log_group",
      "name": "klaviyo_handler_lambda_log_group",
      "provider": "provider[\"registry.terraform.io/hashicorp/aws\"]",
      "instances": [
        {
          "schema_version": 0,
          "attributes": {
            "arn": "arn:aws:logs:us-east-1:195509999935:log-group:/aws/lambda/klaviyo-handler",
            "id": "/aws/lambda/klaviyo-handler",
            "kms_key_id": "",
            "name": "/aws/lambda/klaviyo-handler",
            "name_prefix": "",
            "retention_in_days": 7,
            "skip_destroy": false,
            "tags": {},
            "tags_all": {}
          },
          "sensitive_attributes": [],
          "private": "bnVsbA=="
        }
      ]
    },
    {
      "mode": "managed",
      "type": "aws_ecr_lifecycle_policy",
      "name": "klaviyo_handler_policy",
      "provider": "provider[\"registry.terraform.io/hashicorp/aws\"]",
      "instances": [
        {
          "schema_version": 0,
          "attributes": {
            "id": "klaviyo_handler",
            "policy": "{\"rules\":[{\"action\":{\"type\":\"expire\"},\"description\":\"Expire images older than 14 days\",\"rulePriority\":1,\"selection\":{\"countNumber\":14,\"countType\":\"sinceImagePushed\",\"countUnit\":\"days\",\"tagStatus\":\"untagged\"}}]}",
            "registry_id": "195509999935",
            "repository": "klaviyo_handler"
          },
          "sensitive_attributes": [],
          "private": "bnVsbA==",
          "dependencies": [
            "aws_ecr_repository.klaviyo_handler",
            "data.aws_ecr_authorization_token.token"
          ]
        }
      ]
    },
    {
      "mode": "managed",
      "type": "aws_ecr_repository",
      "name": "klaviyo_handler",
      "provider": "provider[\"registry.terraform.io/hashicorp/aws\"]",
      "instances": [
        {
          "schema_version": 0,
          "attributes": {
            "arn": "arn:aws:ecr:us-east-1:195509999935:repository/klaviyo_handler",
            "encryption_configuration": [
              {
                "encryption_type": "AES256",
                "kms_key": ""
              }
            ],
            "force_delete": null,
            "id": "klaviyo_handler",
            "image_scanning_configuration": [
              {
                "scan_on_push": true
              }
            ],
            "image_tag_mutability": "MUTABLE",
            "name": "klaviyo_handler",
            "registry_id": "195509999935",
            "repository_url": "195509999935.dkr.ecr.us-east-1.amazonaws.com/klaviyo_handler",
            "tags": {},
            "tags_all": {},
            "timeouts": null
          },
          "sensitive_attributes": [],
          "private": "eyJlMmJmYjczMC1lY2FhLTExZTYtOGY4OC0zNDM2M2JjN2M0YzAiOnsiZGVsZXRlIjoxMjAwMDAwMDAwMDAwfX0=",
          "dependencies": [
            "data.aws_ecr_authorization_token.token"
          ]
        }
      ]
    },
    {
      "mode": "managed",
      "type": "aws_iam_policy",
      "name": "lambda_cloudwatch",
      "provider": "provider[\"registry.terraform.io/hashicorp/aws\"]",
      "instances": [
        {
          "schema_version": 0,
          "attributes": {
            "arn": "arn:aws:iam::195509999935:policy/klaviyo-handler-lambda-cw-permissions",
            "description": "Contains CW put permission for klaviyo-handler lambda",
            "id": "arn:aws:iam::195509999935:policy/klaviyo-handler-lambda-cw-permissions",
            "name": "klaviyo-handler-lambda-cw-permissions",
            "name_prefix": "",
            "path": "/",
            "policy": "{\"Statement\":[{\"Action\":[\"logs:PutLogEvents\",\"logs:CreateLogStream\",\"logs:CreateLogGroup\"],\"Effect\":\"Allow\",\"Resource\":\"arn:aws:logs:*:*:*\"}],\"Version\":\"2012-10-17\"}",
            "policy_id": "ANPAS3BKN3E7YSOZVMPGX",
            "tags": {},
            "tags_all": {}
          },
          "sensitive_attributes": [],
          "private": "bnVsbA==",
          "dependencies": [
            "data.aws_iam_policy_document.lambda_cloudwatch"
          ]
        }
      ]
    },
    {
      "mode": "managed",
      "type": "aws_iam_role",
      "name": "klaviyo_handler_lambda_role",
      "provider": "provider[\"registry.terraform.io/hashicorp/aws\"]",
      "instances": [
        {
          "schema_version": 0,
          "attributes": {
            "arn": "arn:aws:iam::195509999935:role/klaviyo-handler-lambda-role",
            "assume_role_policy": "{\"Statement\":[{\"Action\":\"sts:AssumeRole\",\"Effect\":\"Allow\",\"Principal\":{\"Service\":\"lambda.amazonaws.com\"}}],\"Version\":\"2012-10-17\"}",
            "create_date": "2023-09-27T15:03:59Z",
            "description": "",
            "force_detach_policies": false,
            "id": "klaviyo-handler-lambda-role",
            "inline_policy": [],
            "managed_policy_arns": [
              "arn:aws:iam::195509999935:policy/klaviyo-handler-lambda-cw-permissions"
            ],
            "max_session_duration": 3600,
            "name": "klaviyo-handler-lambda-role",
            "name_prefix": "",
            "path": "/",
            "permissions_boundary": null,
            "tags": {},
            "tags_all": {},
            "unique_id": "AROAS3BKN3E746CQCMF52"
          },
          "sensitive_attributes": [],
          "private": "bnVsbA==",
          "dependencies": [
            "data.aws_iam_policy_document.lambda_assume_role"
          ]
        }
      ]
    },
    {
      "mode": "managed",
      "type": "aws_iam_role_policy_attachment",
      "name": "lambda_cloudwatch",
      "provider": "provider[\"registry.terraform.io/hashicorp/aws\"]",
      "instances": [
        {
          "schema_version": 0,
          "attributes": {
            "id": "klaviyo-handler-lambda-role-20230927151935756100000001",
            "policy_arn": "arn:aws:iam::195509999935:policy/klaviyo-handler-lambda-cw-permissions",
            "role": "klaviyo-handler-lambda-role"
          },
          "sensitive_attributes": [],
          "private": "bnVsbA==",
          "dependencies": [
            "aws_iam_policy.lambda_cloudwatch",
            "aws_iam_role.klaviyo_handler_lambda_role",
            "data.aws_iam_policy_document.lambda_assume_role",
            "data.aws_iam_policy_document.lambda_cloudwatch"
          ]
        }
      ]
    },
    {
      "mode": "managed",
      "type": "aws_lambda_function",
      "name": "klaviyo_handler",
      "provider": "provider[\"registry.terraform.io/hashicorp/aws\"]",
      "instances": [
        {
          "schema_version": 0,
          "attributes": {
            "architectures": [
              "x86_64"
            ],
            "arn": "arn:aws:lambda:us-east-1:195509999935:function:klaviyo-handler",
            "code_signing_config_arn": "",
            "dead_letter_config": [],
            "description": "",
            "environment": [
              {
                "variables": {
                  "KLAVIYO_TOKEN": "pk_a103386487d599bf5c9a1b12b26d17d0ba"
                }
              }
            ],
            "ephemeral_storage": [
              {
                "size": 512
              }
            ],
            "file_system_config": [],
            "filename": null,
            "function_name": "klaviyo-handler",
            "handler": "",
            "id": "klaviyo-handler",
            "image_config": [],
            "image_uri": "195509999935.dkr.ecr.us-east-1.amazonaws.com/klaviyo_handler:latest",
            "invoke_arn": "arn:aws:apigateway:us-east-1:lambda:path/2015-03-31/functions/arn:aws:lambda:us-east-1:195509999935:function:klaviyo-handler/invocations",
            "kms_key_arn": "",
            "last_modified": "2023-09-27T15:31:42.754+0000",
            "layers": null,
            "memory_size": 128,
            "package_type": "Image",
            "publish": false,
            "qualified_arn": "arn:aws:lambda:us-east-1:195509999935:function:klaviyo-handler:$LATEST",
            "qualified_invoke_arn": "arn:aws:apigateway:us-east-1:lambda:path/2015-03-31/functions/arn:aws:lambda:us-east-1:195509999935:function:klaviyo-handler:$LATEST/invocations",
            "replace_security_groups_on_destroy": null,
            "replacement_security_group_ids": null,
            "reserved_concurrent_executions": -1,
            "role": "arn:aws:iam::195509999935:role/klaviyo-handler-lambda-role",
            "runtime": "",
            "s3_bucket": null,
            "s3_key": null,
            "s3_object_version": null,
            "signing_job_arn": "",
            "signing_profile_version_arn": "",
            "skip_destroy": false,
            "snap_start": [],
            "source_code_hash": "457b9a100924def2b7cdb03f57021a6e893335d1f544acee2f2ea23a4fdfca44",
            "source_code_size": 0,
            "tags": null,
            "tags_all": {},
            "timeout": 30,
            "timeouts": null,
            "tracing_config": [
              {
                "mode": "PassThrough"
              }
            ],
            "version": "$LATEST",
            "vpc_config": []
          },
          "sensitive_attributes": [],
          "private": "eyJlMmJmYjczMC1lY2FhLTExZTYtOGY4OC0zNDM2M2JjN2M0YzAiOnsiY3JlYXRlIjo2MDAwMDAwMDAwMDAsImRlbGV0ZSI6NjAwMDAwMDAwMDAwLCJ1cGRhdGUiOjYwMDAwMDAwMDAwMH19",
          "dependencies": [
            "aws_ecr_repository.klaviyo_handler",
            "aws_iam_role.klaviyo_handler_lambda_role",
            "data.aws_caller_identity.current",
            "data.aws_region.current"
          ]
        }
      ]
    },
    {
      "mode": "managed",
      "type": "aws_lambda_permission",
      "name": "klaviyo_handler_apigw",
      "provider": "provider[\"registry.terraform.io/hashicorp/aws\"]",
      "instances": [
        {
          "schema_version": 0,
          "attributes": {
            "action": "lambda:InvokeFunction",
            "event_source_token": null,
            "function_name": "klaviyo-handler",
            "function_url_auth_type": null,
            "id": "AllowAPIGatewayInvoke",
            "principal": "apigateway.amazonaws.com",
            "principal_org_id": null,
            "qualifier": "",
            "source_account": null,
            "source_arn": "arn:aws:execute-api:us-east-1:195509999935:qcr23ubr3h/*/*",
            "statement_id": "AllowAPIGatewayInvoke",
            "statement_id_prefix": ""
          },
          "sensitive_attributes": [],
          "private": "bnVsbA==",
          "dependencies": [
            "aws_api_gateway_rest_api.api",
            "aws_ecr_repository.klaviyo_handler",
            "aws_iam_role.klaviyo_handler_lambda_role",
            "aws_lambda_function.klaviyo_handler",
            "data.aws_caller_identity.current",
            "data.aws_region.current"
          ]
        }
      ]
    }
  ],
  "check_results": null
}
